// !$*UTF8*$!
{
	archiveVersion = 1;
	classes = {
	};
	objectVersion = 50;
	objects = {

/* Begin PBXBuildFile section */
		785659A220F4AE7100C0BB9D /* AppDelegate.swift in Sources */ = {isa = PBXBuildFile; fileRef = 785659A120F4AE7100C0BB9D /* AppDelegate.swift */; };
		785659A720F4AE7100C0BB9D /* Main.storyboard in Resources */ = {isa = PBXBuildFile; fileRef = 785659A520F4AE7100C0BB9D /* Main.storyboard */; };
		785659A920F4AE7400C0BB9D /* Assets.xcassets in Resources */ = {isa = PBXBuildFile; fileRef = 785659A820F4AE7400C0BB9D /* Assets.xcassets */; };
		785659AC20F4AE7400C0BB9D /* LaunchScreen.storyboard in Resources */ = {isa = PBXBuildFile; fileRef = 785659AA20F4AE7400C0BB9D /* LaunchScreen.storyboard */; };
		933D39A33FADCC68E41A0F51 /* Pods_Races.framework in Frameworks */ = {isa = PBXBuildFile; fileRef = 1461B9FB625351F39E181D72 /* Pods_Races.framework */; };
/* End PBXBuildFile section */

/* Begin PBXFileReference section */
		1461B9FB625351F39E181D72 /* Pods_Races.framework */ = {isa = PBXFileReference; explicitFileType = wrapper.framework; includeInIndex = 0; path = Pods_Races.framework; sourceTree = BUILT_PRODUCTS_DIR; };
		2F3C7C26570C762FA27AD6EF /* Pods-Races.release.xcconfig */ = {isa = PBXFileReference; includeInIndex = 1; lastKnownFileType = text.xcconfig; name = "Pods-Races.release.xcconfig"; path = "Pods/Target Support Files/Pods-Races/Pods-Races.release.xcconfig"; sourceTree = "<group>"; };
		7856599E20F4AE7100C0BB9D /* Races.app */ = {isa = PBXFileReference; explicitFileType = wrapper.application; includeInIndex = 0; path = Races.app; sourceTree = BUILT_PRODUCTS_DIR; };
		785659A120F4AE7100C0BB9D /* AppDelegate.swift */ = {isa = PBXFileReference; lastKnownFileType = sourcecode.swift; path = AppDelegate.swift; sourceTree = "<group>"; };
		785659A620F4AE7100C0BB9D /* Base */ = {isa = PBXFileReference; lastKnownFileType = file.storyboard; name = Base; path = Base.lproj/Main.storyboard; sourceTree = "<group>"; };
		785659A820F4AE7400C0BB9D /* Assets.xcassets */ = {isa = PBXFileReference; lastKnownFileType = folder.assetcatalog; path = Assets.xcassets; sourceTree = "<group>"; };
		785659AB20F4AE7400C0BB9D /* Base */ = {isa = PBXFileReference; lastKnownFileType = file.storyboard; name = Base; path = Base.lproj/LaunchScreen.storyboard; sourceTree = "<group>"; };
		785659AD20F4AE7400C0BB9D /* Info.plist */ = {isa = PBXFileReference; lastKnownFileType = text.plist.xml; path = Info.plist; sourceTree = "<group>"; };
		C655CDC8291B34F2EDAD5EA0 /* Pods-Races.debug.xcconfig */ = {isa = PBXFileReference; includeInIndex = 1; lastKnownFileType = text.xcconfig; name = "Pods-Races.debug.xcconfig"; path = "Pods/Target Support Files/Pods-Races/Pods-Races.debug.xcconfig"; sourceTree = "<group>"; };
/* End PBXFileReference section */

/* Begin PBXFrameworksBuildPhase section */
		7856599B20F4AE7100C0BB9D /* Frameworks */ = {
			isa = PBXFrameworksBuildPhase;
			buildActionMask = 2147483647;
			files = (
				933D39A33FADCC68E41A0F51 /* Pods_Races.framework in Frameworks */,
			);
			runOnlyForDeploymentPostprocessing = 0;
		};
/* End PBXFrameworksBuildPhase section */

/* Begin PBXGroup section */
		7856599520F4AE7100C0BB9D = {
			isa = PBXGroup;
			children = (
				785659A020F4AE7100C0BB9D /* Races */,
				7856599F20F4AE7100C0BB9D /* Products */,
				A501A2C3A8231C64A8F8A739 /* Pods */,
				F031DB3B4EB0B8587A010823 /* Frameworks */,
			);
			sourceTree = "<group>";
		};
		7856599F20F4AE7100C0BB9D /* Products */ = {
			isa = PBXGroup;
			children = (
				7856599E20F4AE7100C0BB9D /* Races.app */,
			);
			name = Products;
			sourceTree = "<group>";
		};
		785659A020F4AE7100C0BB9D /* Races */ = {
			isa = PBXGroup;
			children = (
				785659B520F4AF9C00C0BB9D /* Supporting-files */,
				785659B420F4AF9500C0BB9D /* Assets */,
				785659B320F4AF8400C0BB9D /* Source */,
			);
			path = Races;
			sourceTree = "<group>";
		};
		785659B320F4AF8400C0BB9D /* Source */ = {
			isa = PBXGroup;
			children = (
				785659B720F4AFD400C0BB9D /* Utils */,
				785659B620F4AFC600C0BB9D /* Stories */,
				785659A120F4AE7100C0BB9D /* AppDelegate.swift */,
			);
			path = Source;
			sourceTree = "<group>";
		};
		785659B420F4AF9500C0BB9D /* Assets */ = {
			isa = PBXGroup;
			children = (
				785659A520F4AE7100C0BB9D /* Main.storyboard */,
				785659AA20F4AE7400C0BB9D /* LaunchScreen.storyboard */,
				785659A820F4AE7400C0BB9D /* Assets.xcassets */,
			);
			path = Assets;
			sourceTree = "<group>";
		};
		785659B520F4AF9C00C0BB9D /* Supporting-files */ = {
			isa = PBXGroup;
			children = (
				785659AD20F4AE7400C0BB9D /* Info.plist */,
			);
			path = "Supporting-files";
			sourceTree = "<group>";
		};
		785659B620F4AFC600C0BB9D /* Stories */ = {
			isa = PBXGroup;
			children = (
				785659B820F4AFEA00C0BB9D /* RaceList */,
				785659B920F4AFF700C0BB9D /* RaceDetails */,
			);
			path = Stories;
			sourceTree = "<group>";
		};
		785659B720F4AFD400C0BB9D /* Utils */ = {
			isa = PBXGroup;
			children = (
			);
			path = Utils;
			sourceTree = "<group>";
		};
		785659B820F4AFEA00C0BB9D /* RaceList */ = {
			isa = PBXGroup;
			children = (
			);
			path = RaceList;
			sourceTree = "<group>";
		};
		785659B920F4AFF700C0BB9D /* RaceDetails */ = {
			isa = PBXGroup;
			children = (
			);
			path = RaceDetails;
			sourceTree = "<group>";
		};
		A501A2C3A8231C64A8F8A739 /* Pods */ = {
			isa = PBXGroup;
			children = (
				C655CDC8291B34F2EDAD5EA0 /* Pods-Races.debug.xcconfig */,
				2F3C7C26570C762FA27AD6EF /* Pods-Races.release.xcconfig */,
			);
			name = Pods;
			sourceTree = "<group>";
		};
		F031DB3B4EB0B8587A010823 /* Frameworks */ = {
			isa = PBXGroup;
			children = (
				1461B9FB625351F39E181D72 /* Pods_Races.framework */,
			);
			name = Frameworks;
			sourceTree = "<group>";
		};
/* End PBXGroup section */

/* Begin PBXNativeTarget section */
		7856599D20F4AE7100C0BB9D /* Races */ = {
			isa = PBXNativeTarget;
			buildConfigurationList = 785659B020F4AE7400C0BB9D /* Build configuration list for PBXNativeTarget "Races" */;
			buildPhases = (
				C36D23E8C30AD723890323CB /* [CP] Check Pods Manifest.lock */,
				7856599A20F4AE7100C0BB9D /* Sources */,
				7856599B20F4AE7100C0BB9D /* Frameworks */,
				7856599C20F4AE7100C0BB9D /* Resources */,
				552BF849FA2061983B50C523 /* [CP] Embed Pods Frameworks */,
				789AB83E20F4B5B80043592A /* ShellScript */,
			);
			buildRules = (
			);
			dependencies = (
			);
			name = Races;
			productName = Races;
			productReference = 7856599E20F4AE7100C0BB9D /* Races.app */;
			productType = "com.apple.product-type.application";
		};
/* End PBXNativeTarget section */

/* Begin PBXProject section */
		7856599620F4AE7100C0BB9D /* Project object */ = {
			isa = PBXProject;
			attributes = {
				LastSwiftUpdateCheck = 0940;
				LastUpgradeCheck = 0940;
				ORGANIZATIONNAME = "Rafael Kayumov";
				TargetAttributes = {
					7856599D20F4AE7100C0BB9D = {
						CreatedOnToolsVersion = 9.4;
					};
				};
			};
			buildConfigurationList = 7856599920F4AE7100C0BB9D /* Build configuration list for PBXProject "Races" */;
			compatibilityVersion = "Xcode 9.3";
			developmentRegion = en;
			hasScannedForEncodings = 0;
			knownRegions = (
				en,
				Base,
			);
			mainGroup = 7856599520F4AE7100C0BB9D;
			productRefGroup = 7856599F20F4AE7100C0BB9D /* Products */;
			projectDirPath = "";
			projectRoot = "";
			targets = (
				7856599D20F4AE7100C0BB9D /* Races */,
			);
		};
/* End PBXProject section */

/* Begin PBXResourcesBuildPhase section */
		7856599C20F4AE7100C0BB9D /* Resources */ = {
			isa = PBXResourcesBuildPhase;
			buildActionMask = 2147483647;
			files = (
				785659AC20F4AE7400C0BB9D /* LaunchScreen.storyboard in Resources */,
				785659A920F4AE7400C0BB9D /* Assets.xcassets in Resources */,
				785659A720F4AE7100C0BB9D /* Main.storyboard in Resources */,
			);
			runOnlyForDeploymentPostprocessing = 0;
		};
/* End PBXResourcesBuildPhase section */

/* Begin PBXShellScriptBuildPhase section */
		552BF849FA2061983B50C523 /* [CP] Embed Pods Frameworks */ = {
			isa = PBXShellScriptBuildPhase;
			buildActionMask = 2147483647;
			files = (
			);
			inputPaths = (
				"${SRCROOT}/Pods/Target Support Files/Pods-Races/Pods-Races-frameworks.sh",
				"${BUILT_PRODUCTS_DIR}/Reusable/Reusable.framework",
			);
			name = "[CP] Embed Pods Frameworks";
			outputPaths = (
				"${TARGET_BUILD_DIR}/${FRAMEWORKS_FOLDER_PATH}/Reusable.framework",
			);
			runOnlyForDeploymentPostprocessing = 0;
			shellPath = /bin/sh;
			shellScript = "\"${SRCROOT}/Pods/Target Support Files/Pods-Races/Pods-Races-frameworks.sh\"\n";
			showEnvVarsInLog = 0;
		};
		789AB83E20F4B5B80043592A /* ShellScript */ = {
			isa = PBXShellScriptBuildPhase;
			buildActionMask = 2147483647;
			files = (
			);
			inputPaths = (
			);
			outputPaths = (
			);
			runOnlyForDeploymentPostprocessing = 0;
			shellPath = /bin/sh;
			shellScript = "${PODS_ROOT}/SwiftLint/swiftlint";
		};
		C36D23E8C30AD723890323CB /* [CP] Check Pods Manifest.lock */ = {
			isa = PBXShellScriptBuildPhase;
			buildActionMask = 2147483647;
			files = (
			);
			inputPaths = (
				"${PODS_PODFILE_DIR_PATH}/Podfile.lock",
				"${PODS_ROOT}/Manifest.lock",
			);
			name = "[CP] Check Pods Manifest.lock";
			outputPaths = (
				"$(DERIVED_FILE_DIR)/Pods-Races-checkManifestLockResult.txt",
			);
			runOnlyForDeploymentPostprocessing = 0;
			shellPath = /bin/sh;
			shellScript = "diff \"${PODS_PODFILE_DIR_PATH}/Podfile.lock\" \"${PODS_ROOT}/Manifest.lock\" > /dev/null\nif [ $? != 0 ] ; then\n    # print error to STDERR\n    echo \"error: The sandbox is not in sync with the Podfile.lock. Run 'pod install' or update your CocoaPods installation.\" >&2\n    exit 1\nfi\n# This output is used by Xcode 'outputs' to avoid re-running this script phase.\necho \"SUCCESS\" > \"${SCRIPT_OUTPUT_FILE_0}\"\n";
			showEnvVarsInLog = 0;
		};
/* End PBXShellScriptBuildPhase section */

/* Begin PBXSourcesBuildPhase section */
		7856599A20F4AE7100C0BB9D /* Sources */ = {
			isa = PBXSourcesBuildPhase;
			buildActionMask = 2147483647;
			files = (
				785659A220F4AE7100C0BB9D /* AppDelegate.swift in Sources */,
			);
			runOnlyForDeploymentPostprocessing = 0;
		};
/* End PBXSourcesBuildPhase section */

/* Begin PBXVariantGroup section */
		785659A520F4AE7100C0BB9D /* Main.storyboard */ = {
			isa = PBXVariantGroup;
			children = (
				785659A620F4AE7100C0BB9D /* Base */,
			);
			name = Main.storyboard;
			sourceTree = "<group>";
		};
		785659AA20F4AE7400C0BB9D /* LaunchScreen.storyboard */ = {
			isa = PBXVariantGroup;
			children = (
				785659AB20F4AE7400C0BB9D /* Base */,
			);
			name = LaunchScreen.storyboard;
			sourceTree = "<group>";
		};
/* End PBXVariantGroup section */

/* Begin XCBuildConfiguration section */
		785659AE20F4AE7400C0BB9D /* Debug */ = {
			isa = XCBuildConfiguration;
			buildSettings = {
				ALWAYS_SEARCH_USER_PATHS = NO;
				CLANG_ANALYZER_NONNULL = YES;
				CLANG_ANALYZER_NUMBER_OBJECT_CONVERSION = YES_AGGRESSIVE;
				CLANG_CXX_LANGUAGE_STANDARD = "gnu++14";
				CLANG_CXX_LIBRARY = "libc++";
				CLANG_ENABLE_MODULES = YES;
				CLANG_ENABLE_OBJC_ARC = YES;
				CLANG_ENABLE_OBJC_WEAK = YES;
				CLANG_WARN_BLOCK_CAPTURE_AUTORELEASING = YES;
				CLANG_WARN_BOOL_CONVERSION = YES;
				CLANG_WARN_COMMA = YES;
				CLANG_WARN_CONSTANT_CONVERSION = YES;
				CLANG_WARN_DEPRECATED_OBJC_IMPLEMENTATIONS = YES;
				CLANG_WARN_DIRECT_OBJC_ISA_USAGE = YES_ERROR;
				CLANG_WARN_DOCUMENTATION_COMMENTS = YES;
				CLANG_WARN_EMPTY_BODY = YES;
				CLANG_WARN_ENUM_CONVERSION = YES;
				CLANG_WARN_INFINITE_RECURSION = YES;
				CLANG_WARN_INT_CONVERSION = YES;
				CLANG_WARN_NON_LITERAL_NULL_CONVERSION = YES;
				CLANG_WARN_OBJC_IMPLICIT_RETAIN_SELF = YES;
				CLANG_WARN_OBJC_LITERAL_CONVERSION = YES;
				CLANG_WARN_OBJC_ROOT_CLASS = YES_ERROR;
				CLANG_WARN_RANGE_LOOP_ANALYSIS = YES;
				CLANG_WARN_STRICT_PROTOTYPES = YES;
				CLANG_WARN_SUSPICIOUS_MOVE = YES;
				CLANG_WARN_UNGUARDED_AVAILABILITY = YES_AGGRESSIVE;
				CLANG_WARN_UNREACHABLE_CODE = YES;
				CLANG_WARN__DUPLICATE_METHOD_MATCH = YES;
				CODE_SIGN_IDENTITY = "iPhone Developer";
				COPY_PHASE_STRIP = NO;
				DEBUG_INFORMATION_FORMAT = dwarf;
				ENABLE_STRICT_OBJC_MSGSEND = YES;
				ENABLE_TESTABILITY = YES;
				GCC_C_LANGUAGE_STANDARD = gnu11;
				GCC_DYNAMIC_NO_PIC = NO;
				GCC_NO_COMMON_BLOCKS = YES;
				GCC_OPTIMIZATION_LEVEL = 0;
				GCC_PREPROCESSOR_DEFINITIONS = (
					"DEBUG=1",
					"$(inherited)",
				);
				GCC_WARN_64_TO_32_BIT_CONVERSION = YES;
				GCC_WARN_ABOUT_RETURN_TYPE = YES_ERROR;
				GCC_WARN_UNDECLARED_SELECTOR = YES;
				GCC_WARN_UNINITIALIZED_AUTOS = YES_AGGRESSIVE;
				GCC_WARN_UNUSED_FUNCTION = YES;
				GCC_WARN_UNUSED_VARIABLE = YES;
				IPHONEOS_DEPLOYMENT_TARGET = 11.4;
				MTL_ENABLE_DEBUG_INFO = YES;
				ONLY_ACTIVE_ARCH = YES;
				SDKROOT = iphoneos;
				SWIFT_ACTIVE_COMPILATION_CONDITIONS = DEBUG;
				SWIFT_OPTIMIZATION_LEVEL = "-Onone";
			};
			name = Debug;
		};
		785659AF20F4AE7400C0BB9D /* Release */ = {
			isa = XCBuildConfiguration;
			buildSettings = {
				ALWAYS_SEARCH_USER_PATHS = NO;
				CLANG_ANALYZER_NONNULL = YES;
				CLANG_ANALYZER_NUMBER_OBJECT_CONVERSION = YES_AGGRESSIVE;
				CLANG_CXX_LANGUAGE_STANDARD = "gnu++14";
				CLANG_CXX_LIBRARY = "libc++";
				CLANG_ENABLE_MODULES = YES;
				CLANG_ENABLE_OBJC_ARC = YES;
				CLANG_ENABLE_OBJC_WEAK = YES;
				CLANG_WARN_BLOCK_CAPTURE_AUTORELEASING = YES;
				CLANG_WARN_BOOL_CONVERSION = YES;
				CLANG_WARN_COMMA = YES;
				CLANG_WARN_CONSTANT_CONVERSION = YES;
				CLANG_WARN_DEPRECATED_OBJC_IMPLEMENTATIONS = YES;
				CLANG_WARN_DIRECT_OBJC_ISA_USAGE = YES_ERROR;
				CLANG_WARN_DOCUMENTATION_COMMENTS = YES;
				CLANG_WARN_EMPTY_BODY = YES;
				CLANG_WARN_ENUM_CONVERSION = YES;
				CLANG_WARN_INFINITE_RECURSION = YES;
				CLANG_WARN_INT_CONVERSION = YES;
				CLANG_WARN_NON_LITERAL_NULL_CONVERSION = YES;
				CLANG_WARN_OBJC_IMPLICIT_RETAIN_SELF = YES;
				CLANG_WARN_OBJC_LITERAL_CONVERSION = YES;
				CLANG_WARN_OBJC_ROOT_CLASS = YES_ERROR;
				CLANG_WARN_RANGE_LOOP_ANALYSIS = YES;
				CLANG_WARN_STRICT_PROTOTYPES = YES;
				CLANG_WARN_SUSPICIOUS_MOVE = YES;
				CLANG_WARN_UNGUARDED_AVAILABILITY = YES_AGGRESSIVE;
				CLANG_WARN_UNREACHABLE_CODE = YES;
				CLANG_WARN__DUPLICATE_METHOD_MATCH = YES;
				CODE_SIGN_IDENTITY = "iPhone Developer";
				COPY_PHASE_STRIP = NO;
				DEBUG_INFORMATION_FORMAT = "dwarf-with-dsym";
				ENABLE_NS_ASSERTIONS = NO;
				ENABLE_STRICT_OBJC_MSGSEND = YES;
				GCC_C_LANGUAGE_STANDARD = gnu11;
				GCC_NO_COMMON_BLOCKS = YES;
				GCC_WARN_64_TO_32_BIT_CONVERSION = YES;
				GCC_WARN_ABOUT_RETURN_TYPE = YES_ERROR;
				GCC_WARN_UNDECLARED_SELECTOR = YES;
				GCC_WARN_UNINITIALIZED_AUTOS = YES_AGGRESSIVE;
				GCC_WARN_UNUSED_FUNCTION = YES;
				GCC_WARN_UNUSED_VARIABLE = YES;
				IPHONEOS_DEPLOYMENT_TARGET = 11.4;
				MTL_ENABLE_DEBUG_INFO = NO;
				SDKROOT = iphoneos;
				SWIFT_COMPILATION_MODE = wholemodule;
				SWIFT_OPTIMIZATION_LEVEL = "-O";
				VALIDATE_PRODUCT = YES;
			};
			name = Release;
		};
		785659B120F4AE7400C0BB9D /* Debug */ = {
			isa = XCBuildConfiguration;
			baseConfigurationReference = C655CDC8291B34F2EDAD5EA0 /* Pods-Races.debug.xcconfig */;
			buildSettings = {
				ASSETCATALOG_COMPILER_APPICON_NAME = AppIcon;
				CODE_SIGN_STYLE = Automatic;
				INFOPLIST_FILE = "$(SRCROOT)/Races/Supporting-files/Info.plist";
				LD_RUNPATH_SEARCH_PATHS = (
					"$(inherited)",
					"@executable_path/Frameworks",
				);
				PRODUCT_BUNDLE_IDENTIFIER = "Rafael-Kayumov.Races";
				PRODUCT_NAME = "$(TARGET_NAME)";
				SWIFT_VERSION = 4.0;
				TARGETED_DEVICE_FAMILY = "1,2";
			};
			name = Debug;
		};
		785659B220F4AE7400C0BB9D /* Release */ = {
			isa = XCBuildConfiguration;
			baseConfigurationReference = 2F3C7C26570C762FA27AD6EF /* Pods-Races.release.xcconfig */;
			buildSettings = {
				ASSETCATALOG_COMPILER_APPICON_NAME = AppIcon;
				CODE_SIGN_STYLE = Automatic;
				INFOPLIST_FILE = "$(SRCROOT)/Races/Supporting-files/Info.plist";
				LD_RUNPATH_SEARCH_PATHS = (
					"$(inherited)",
					"@executable_path/Frameworks",
				);
				PRODUCT_BUNDLE_IDENTIFIER = "Rafael-Kayumov.Races";
				PRODUCT_NAME = "$(TARGET_NAME)";
				SWIFT_VERSION = 4.0;
				TARGETED_DEVICE_FAMILY = "1,2";
			};
			name = Release;
		};
/* End XCBuildConfiguration section */

/* Begin XCConfigurationList section */
		7856599920F4AE7100C0BB9D /* Build configuration list for PBXProject "Races" */ = {
			isa = XCConfigurationList;
			buildConfigurations = (
				785659AE20F4AE7400C0BB9D /* Debug */,
				785659AF20F4AE7400C0BB9D /* Release */,
			);
			defaultConfigurationIsVisible = 0;
			defaultConfigurationName = Release;
		};
		785659B020F4AE7400C0BB9D /* Build configuration list for PBXNativeTarget "Races" */ = {
			isa = XCConfigurationList;
			buildConfigurations = (
				785659B120F4AE7400C0BB9D /* Debug */,
				785659B220F4AE7400C0BB9D /* Release */,
			);
			defaultConfigurationIsVisible = 0;
			defaultConfigurationName = Release;
		};
/* End XCConfigurationList section */
	};
	rootObject = 7856599620F4AE7100C0BB9D /* Project object */;
}
